
Microsoft Visual Studio Solution File, Format Version 12.00
# Visual Studio Version 17
VisualStudioVersion = 17.14.36616.10 d17.14
MinimumVisualStudioVersion = 10.0.40219.1
Project("{FAE04EC0-301F-11D3-BF4B-00C04F79EFBC}") = "CadastroProduto", "CadastroProduto\CadastroProduto.csproj", "{A157F630-E6E0-4EED-835C-EC159223941F}"
EndProject
Global
	GlobalSection(SolutionConfigurationPlatforms) = preSolution
		Debug|Any CPU = Debug|Any CPU
		Release|Any CPU = Release|Any CPU
	EndGlobalSection
	GlobalSection(ProjectConfigurationPlatforms) = postSolution
		{A157F630-E6E0-4EED-835C-EC159223941F}.Debug|Any CPU.ActiveCfg = Debug|Any CPU
		{A157F630-E6E0-4EED-835C-EC159223941F}.Debug|Any CPU.Build.0 = Debug|Any CPU
		{A157F630-E6E0-4EED-835C-EC159223941F}.Release|Any CPU.ActiveCfg = Release|Any CPU
		{A157F630-E6E0-4EED-835C-EC159223941F}.Release|Any CPU.Build.0 = Release|Any CPU
	EndGlobalSection
	GlobalSection(SolutionProperties) = preSolution
		HideSolutionNode = FALSE
	EndGlobalSection
	GlobalSection(ExtensibilityGlobals) = postSolution
		SolutionGuid = {36345B3B-8455-4518-9810-93C3213D66BB}
	EndGlobalSection
EndGlobal
